
Microsoft Visual Studio Solution File, Format Version 12.00
# Visual Studio 15
VisualStudioVersion = 15.0.28307.329
MinimumVisualStudioVersion = 10.0.40219.1
Project("{FAE04EC0-301F-11D3-BF4B-00C04F79EFBC}") = "ProjectTeam1Hackathon_2019", "ProjectTeam1Hackathon_2019\ProjectTeam1Hackathon_2019.csproj", "{CA492C1B-75D3-4657-B4E4-A690AFC11B3D}"
EndProject
Global
	GlobalSection(SolutionConfigurationPlatforms) = preSolution
		Debug|Any CPU = Debug|Any CPU
		Release|Any CPU = Release|Any CPU
	EndGlobalSection
	GlobalSection(ProjectConfigurationPlatforms) = postSolution
		{CA492C1B-75D3-4657-B4E4-A690AFC11B3D}.Debug|Any CPU.ActiveCfg = Debug|Any CPU
		{CA492C1B-75D3-4657-B4E4-A690AFC11B3D}.Debug|Any CPU.Build.0 = Debug|Any CPU
		{CA492C1B-75D3-4657-B4E4-A690AFC11B3D}.Release|Any CPU.ActiveCfg = Release|Any CPU
		{CA492C1B-75D3-4657-B4E4-A690AFC11B3D}.Release|Any CPU.Build.0 = Release|Any CPU
	EndGlobalSection
	GlobalSection(SolutionProperties) = preSolution
		HideSolutionNode = FALSE
	EndGlobalSection
	GlobalSection(ExtensibilityGlobals) = postSolution
		SolutionGuid = {BDE1CC14-2330-4D18-B04E-A569C9A20661}
	EndGlobalSection
EndGlobal
